// !$*UTF8*$!
{
	archiveVersion = 1;
	classes = {
	};
	objectVersion = 56;
	objects = {

/* Begin PBXBuildFile section */
		679E883E1B663B1F8B79BB14 /* Pods_TestCompatibility.framework in Frameworks */ = {isa = PBXBuildFile; fileRef = BFF218EB843DAEA48F392AA8 /* Pods_TestCompatibility.framework */; };
		F439613B292E1FCF0047EBBA /* AppDelegate.swift in Sources */ = {isa = PBXBuildFile; fileRef = F439613A292E1FCF0047EBBA /* AppDelegate.swift */; };
		F439613D292E1FCF0047EBBA /* SceneDelegate.swift in Sources */ = {isa = PBXBuildFile; fileRef = F439613C292E1FCF0047EBBA /* SceneDelegate.swift */; };
		F439613F292E1FCF0047EBBA /* ViewController.swift in Sources */ = {isa = PBXBuildFile; fileRef = F439613E292E1FCF0047EBBA /* ViewController.swift */; };
		F4396142292E1FCF0047EBBA /* Main.storyboard in Resources */ = {isa = PBXBuildFile; fileRef = F4396140292E1FCF0047EBBA /* Main.storyboard */; };
		F4396144292E1FCF0047EBBA /* Assets.xcassets in Resources */ = {isa = PBXBuildFile; fileRef = F4396143292E1FCF0047EBBA /* Assets.xcassets */; };
		F4396147292E1FCF0047EBBA /* LaunchScreen.storyboard in Resources */ = {isa = PBXBuildFile; fileRef = F4396145292E1FCF0047EBBA /* LaunchScreen.storyboard */; };
		F439614F292E22740047EBBA /* DB in Resources */ = {isa = PBXBuildFile; fileRef = F439614E292E22740047EBBA /* DB */; };
		F475FCFB292E5F6500F90530 /* SplunkOtel in Frameworks */ = {isa = PBXBuildFile; productRef = F475FCFA292E5F6500F90530 /* SplunkOtel */; };
/* End PBXBuildFile section */

/* Begin PBXFileReference section */
		2C27907AAD25070A3D1333C8 /* Pods-TestCompatibility.release.xcconfig */ = {isa = PBXFileReference; includeInIndex = 1; lastKnownFileType = text.xcconfig; name = "Pods-TestCompatibility.release.xcconfig"; path = "Target Support Files/Pods-TestCompatibility/Pods-TestCompatibility.release.xcconfig"; sourceTree = "<group>"; };
		BFF218EB843DAEA48F392AA8 /* Pods_TestCompatibility.framework */ = {isa = PBXFileReference; explicitFileType = wrapper.framework; includeInIndex = 0; path = Pods_TestCompatibility.framework; sourceTree = BUILT_PRODUCTS_DIR; };
		C9CBB9F0ABA38B108898FCF0 /* Pods-TestCompatibility.debug.xcconfig */ = {isa = PBXFileReference; includeInIndex = 1; lastKnownFileType = text.xcconfig; name = "Pods-TestCompatibility.debug.xcconfig"; path = "Target Support Files/Pods-TestCompatibility/Pods-TestCompatibility.debug.xcconfig"; sourceTree = "<group>"; };
		F4396137292E1FCF0047EBBA /* TestCompatibility.app */ = {isa = PBXFileReference; explicitFileType = wrapper.application; includeInIndex = 0; path = TestCompatibility.app; sourceTree = BUILT_PRODUCTS_DIR; };
		F439613A292E1FCF0047EBBA /* AppDelegate.swift */ = {isa = PBXFileReference; lastKnownFileType = sourcecode.swift; path = AppDelegate.swift; sourceTree = "<group>"; };
		F439613C292E1FCF0047EBBA /* SceneDelegate.swift */ = {isa = PBXFileReference; lastKnownFileType = sourcecode.swift; path = SceneDelegate.swift; sourceTree = "<group>"; };
		F439613E292E1FCF0047EBBA /* ViewController.swift */ = {isa = PBXFileReference; lastKnownFileType = sourcecode.swift; path = ViewController.swift; sourceTree = "<group>"; };
		F4396141292E1FCF0047EBBA /* Base */ = {isa = PBXFileReference; lastKnownFileType = file.storyboard; name = Base; path = Base.lproj/Main.storyboard; sourceTree = "<group>"; };
		F4396143292E1FCF0047EBBA /* Assets.xcassets */ = {isa = PBXFileReference; lastKnownFileType = folder.assetcatalog; path = Assets.xcassets; sourceTree = "<group>"; };
		F4396146292E1FCF0047EBBA /* Base */ = {isa = PBXFileReference; lastKnownFileType = file.storyboard; name = Base; path = Base.lproj/LaunchScreen.storyboard; sourceTree = "<group>"; };
		F4396148292E1FCF0047EBBA /* Info.plist */ = {isa = PBXFileReference; lastKnownFileType = text.plist.xml; path = Info.plist; sourceTree = "<group>"; };
		F439614E292E22740047EBBA /* DB */ = {isa = PBXFileReference; lastKnownFileType = folder; path = DB; sourceTree = "<group>"; };
/* End PBXFileReference section */

/* Begin PBXFrameworksBuildPhase section */
		F4396134292E1FCF0047EBBA /* Frameworks */ = {
			isa = PBXFrameworksBuildPhase;
			buildActionMask = 2147483647;
			files = (
				679E883E1B663B1F8B79BB14 /* Pods_TestCompatibility.framework in Frameworks */,
				F475FCFB292E5F6500F90530 /* SplunkOtel in Frameworks */,
			);
			runOnlyForDeploymentPostprocessing = 0;
		};
/* End PBXFrameworksBuildPhase section */

/* Begin PBXGroup section */
		342783DFEEFD7F26A77884FB /* Pods */ = {
			isa = PBXGroup;
			children = (
				C9CBB9F0ABA38B108898FCF0 /* Pods-TestCompatibility.debug.xcconfig */,
				2C27907AAD25070A3D1333C8 /* Pods-TestCompatibility.release.xcconfig */,
			);
			path = Pods;
			sourceTree = "<group>";
		};
		C51A20199E0D825B3951E76A /* Frameworks */ = {
			isa = PBXGroup;
			children = (
				BFF218EB843DAEA48F392AA8 /* Pods_TestCompatibility.framework */,
			);
			name = Frameworks;
			sourceTree = "<group>";
		};
		F439612E292E1FCF0047EBBA = {
			isa = PBXGroup;
			children = (
				F4396139292E1FCF0047EBBA /* TestCompatibility */,
				F4396138292E1FCF0047EBBA /* Products */,
				342783DFEEFD7F26A77884FB /* Pods */,
				C51A20199E0D825B3951E76A /* Frameworks */,
			);
			sourceTree = "<group>";
		};
		F4396138292E1FCF0047EBBA /* Products */ = {
			isa = PBXGroup;
			children = (
				F4396137292E1FCF0047EBBA /* TestCompatibility.app */,
			);
			name = Products;
			sourceTree = "<group>";
		};
		F4396139292E1FCF0047EBBA /* TestCompatibility */ = {
			isa = PBXGroup;
			children = (
				F439614E292E22740047EBBA /* DB */,
				F439613A292E1FCF0047EBBA /* AppDelegate.swift */,
				F439613C292E1FCF0047EBBA /* SceneDelegate.swift */,
				F439613E292E1FCF0047EBBA /* ViewController.swift */,
				F4396140292E1FCF0047EBBA /* Main.storyboard */,
				F4396143292E1FCF0047EBBA /* Assets.xcassets */,
				F4396145292E1FCF0047EBBA /* LaunchScreen.storyboard */,
				F4396148292E1FCF0047EBBA /* Info.plist */,
			);
			path = TestCompatibility;
			sourceTree = "<group>";
		};
/* End PBXGroup section */

/* Begin PBXNativeTarget section */
		F4396136292E1FCF0047EBBA /* TestCompatibility */ = {
			isa = PBXNativeTarget;
			buildConfigurationList = F439614B292E1FCF0047EBBA /* Build configuration list for PBXNativeTarget "TestCompatibility" */;
			buildPhases = (
				25E1CE55A76CF38BB39990F4 /* [CP] Check Pods Manifest.lock */,
				F4396133292E1FCF0047EBBA /* Sources */,
				F4396134292E1FCF0047EBBA /* Frameworks */,
				F4396135292E1FCF0047EBBA /* Resources */,
				4A9F389F6B84292DB4C3758F /* [CP] Embed Pods Frameworks */,
			);
			buildRules = (
			);
			dependencies = (
			);
			name = TestCompatibility;
			packageProductDependencies = (
				F475FCFA292E5F6500F90530 /* SplunkOtel */,
			);
			productName = TestCompatibility;
			productReference = F4396137292E1FCF0047EBBA /* TestCompatibility.app */;
			productType = "com.apple.product-type.application";
		};
/* End PBXNativeTarget section */

/* Begin PBXProject section */
		F439612F292E1FCF0047EBBA /* Project object */ = {
			isa = PBXProject;
			attributes = {
				BuildIndependentTargetsInParallel = 1;
				LastSwiftUpdateCheck = 1410;
				LastUpgradeCheck = 1410;
				TargetAttributes = {
					F4396136292E1FCF0047EBBA = {
						CreatedOnToolsVersion = 14.1;
					};
				};
			};
			buildConfigurationList = F4396132292E1FCF0047EBBA /* Build configuration list for PBXProject "TestCompatibility" */;
			compatibilityVersion = "Xcode 14.0";
			developmentRegion = en;
			hasScannedForEncodings = 0;
			knownRegions = (
				en,
				Base,
			);
			mainGroup = F439612E292E1FCF0047EBBA;
			packageReferences = (
				F475FCF9292E5F6500F90530 /* XCRemoteSwiftPackageReference "splunk-otel-ios" */,
			);
			productRefGroup = F4396138292E1FCF0047EBBA /* Products */;
			projectDirPath = "";
			projectRoot = "";
			targets = (
				F4396136292E1FCF0047EBBA /* TestCompatibility */,
			);
		};
/* End PBXProject section */

/* Begin PBXResourcesBuildPhase section */
		F4396135292E1FCF0047EBBA /* Resources */ = {
			isa = PBXResourcesBuildPhase;
			buildActionMask = 2147483647;
			files = (
				F439614F292E22740047EBBA /* DB in Resources */,
				F4396147292E1FCF0047EBBA /* LaunchScreen.storyboard in Resources */,
				F4396144292E1FCF0047EBBA /* Assets.xcassets in Resources */,
				F4396142292E1FCF0047EBBA /* Main.storyboard in Resources */,
			);
			runOnlyForDeploymentPostprocessing = 0;
		};
/* End PBXResourcesBuildPhase section */

/* Begin PBXShellScriptBuildPhase section */
		25E1CE55A76CF38BB39990F4 /* [CP] Check Pods Manifest.lock */ = {
			isa = PBXShellScriptBuildPhase;
			buildActionMask = 2147483647;
			files = (
			);
			inputFileListPaths = (
			);
			inputPaths = (
				"${PODS_PODFILE_DIR_PATH}/Podfile.lock",
				"${PODS_ROOT}/Manifest.lock",
			);
			name = "[CP] Check Pods Manifest.lock";
			outputFileListPaths = (
			);
			outputPaths = (
				"$(DERIVED_FILE_DIR)/Pods-TestCompatibility-checkManifestLockResult.txt",
			);
			runOnlyForDeploymentPostprocessing = 0;
			shellPath = /bin/sh;
			shellScript = "diff \"${PODS_PODFILE_DIR_PATH}/Podfile.lock\" \"${PODS_ROOT}/Manifest.lock\" > /dev/null\nif [ $? != 0 ] ; then\n    # print error to STDERR\n    echo \"error: The sandbox is not in sync with the Podfile.lock. Run 'pod install' or update your CocoaPods installation.\" >&2\n    exit 1\nfi\n# This output is used by Xcode 'outputs' to avoid re-running this script phase.\necho \"SUCCESS\" > \"${SCRIPT_OUTPUT_FILE_0}\"\n";
			showEnvVarsInLog = 0;
		};
		4A9F389F6B84292DB4C3758F /* [CP] Embed Pods Frameworks */ = {
			isa = PBXShellScriptBuildPhase;
			buildActionMask = 2147483647;
			files = (
			);
			inputFileListPaths = (
				"${PODS_ROOT}/Target Support Files/Pods-TestCompatibility/Pods-TestCompatibility-frameworks-${CONFIGURATION}-input-files.xcfilelist",
			);
			name = "[CP] Embed Pods Frameworks";
			outputFileListPaths = (
				"${PODS_ROOT}/Target Support Files/Pods-TestCompatibility/Pods-TestCompatibility-frameworks-${CONFIGURATION}-output-files.xcfilelist",
			);
			runOnlyForDeploymentPostprocessing = 0;
			shellPath = /bin/sh;
			shellScript = "\"${PODS_ROOT}/Target Support Files/Pods-TestCompatibility/Pods-TestCompatibility-frameworks.sh\"\n";
			showEnvVarsInLog = 0;
		};
/* End PBXShellScriptBuildPhase section */

/* Begin PBXSourcesBuildPhase section */
		F4396133292E1FCF0047EBBA /* Sources */ = {
			isa = PBXSourcesBuildPhase;
			buildActionMask = 2147483647;
			files = (
				F439613F292E1FCF0047EBBA /* ViewController.swift in Sources */,
				F439613B292E1FCF0047EBBA /* AppDelegate.swift in Sources */,
				F439613D292E1FCF0047EBBA /* SceneDelegate.swift in Sources */,
			);
			runOnlyForDeploymentPostprocessing = 0;
		};
/* End PBXSourcesBuildPhase section */

/* Begin PBXVariantGroup section */
		F4396140292E1FCF0047EBBA /* Main.storyboard */ = {
			isa = PBXVariantGroup;
			children = (
				F4396141292E1FCF0047EBBA /* Base */,
			);
			name = Main.storyboard;
			sourceTree = "<group>";
		};
		F4396145292E1FCF0047EBBA /* LaunchScreen.storyboard */ = {
			isa = PBXVariantGroup;
			children = (
				F4396146292E1FCF0047EBBA /* Base */,
			);
			name = LaunchScreen.storyboard;
			sourceTree = "<group>";
		};
/* End PBXVariantGroup section */

/* Begin XCBuildConfiguration section */
		F4396149292E1FCF0047EBBA /* Debug */ = {
			isa = XCBuildConfiguration;
			buildSettings = {
				ALWAYS_SEARCH_USER_PATHS = NO;
				CLANG_ANALYZER_NONNULL = YES;
				CLANG_ANALYZER_NUMBER_OBJECT_CONVERSION = YES_AGGRESSIVE;
				CLANG_CXX_LANGUAGE_STANDARD = "gnu++20";
				CLANG_ENABLE_MODULES = YES;
				CLANG_ENABLE_OBJC_ARC = YES;
				CLANG_ENABLE_OBJC_WEAK = YES;
				CLANG_WARN_BLOCK_CAPTURE_AUTORELEASING = YES;
				CLANG_WARN_BOOL_CONVERSION = YES;
				CLANG_WARN_COMMA = YES;
				CLANG_WARN_CONSTANT_CONVERSION = YES;
				CLANG_WARN_DEPRECATED_OBJC_IMPLEMENTATIONS = YES;
				CLANG_WARN_DIRECT_OBJC_ISA_USAGE = YES_ERROR;
				CLANG_WARN_DOCUMENTATION_COMMENTS = YES;
				CLANG_WARN_EMPTY_BODY = YES;
				CLANG_WARN_ENUM_CONVERSION = YES;
				CLANG_WARN_INFINITE_RECURSION = YES;
				CLANG_WARN_INT_CONVERSION = YES;
				CLANG_WARN_NON_LITERAL_NULL_CONVERSION = YES;
				CLANG_WARN_OBJC_IMPLICIT_RETAIN_SELF = YES;
				CLANG_WARN_OBJC_LITERAL_CONVERSION = YES;
				CLANG_WARN_OBJC_ROOT_CLASS = YES_ERROR;
				CLANG_WARN_QUOTED_INCLUDE_IN_FRAMEWORK_HEADER = YES;
				CLANG_WARN_RANGE_LOOP_ANALYSIS = YES;
				CLANG_WARN_STRICT_PROTOTYPES = YES;
				CLANG_WARN_SUSPICIOUS_MOVE = YES;
				CLANG_WARN_UNGUARDED_AVAILABILITY = YES_AGGRESSIVE;
				CLANG_WARN_UNREACHABLE_CODE = YES;
				CLANG_WARN__DUPLICATE_METHOD_MATCH = YES;
				COPY_PHASE_STRIP = NO;
				DEBUG_INFORMATION_FORMAT = dwarf;
				ENABLE_STRICT_OBJC_MSGSEND = YES;
				ENABLE_TESTABILITY = YES;
				GCC_C_LANGUAGE_STANDARD = gnu11;
				GCC_DYNAMIC_NO_PIC = NO;
				GCC_NO_COMMON_BLOCKS = YES;
				GCC_OPTIMIZATION_LEVEL = 0;
				GCC_PREPROCESSOR_DEFINITIONS = (
					"DEBUG=1",
					"$(inherited)",
				);
				GCC_WARN_64_TO_32_BIT_CONVERSION = YES;
				GCC_WARN_ABOUT_RETURN_TYPE = YES_ERROR;
				GCC_WARN_UNDECLARED_SELECTOR = YES;
				GCC_WARN_UNINITIALIZED_AUTOS = YES_AGGRESSIVE;
				GCC_WARN_UNUSED_FUNCTION = YES;
				GCC_WARN_UNUSED_VARIABLE = YES;
				IPHONEOS_DEPLOYMENT_TARGET = 13.0;
				MTL_ENABLE_DEBUG_INFO = INCLUDE_SOURCE;
				MTL_FAST_MATH = YES;
				ONLY_ACTIVE_ARCH = YES;
				SDKROOT = iphoneos;
				SWIFT_ACTIVE_COMPILATION_CONDITIONS = DEBUG;
				SWIFT_OPTIMIZATION_LEVEL = "-Onone";
			};
			name = Debug;
		};
		F439614A292E1FCF0047EBBA /* Release */ = {
			isa = XCBuildConfiguration;
			buildSettings = {
				ALWAYS_SEARCH_USER_PATHS = NO;
				CLANG_ANALYZER_NONNULL = YES;
				CLANG_ANALYZER_NUMBER_OBJECT_CONVERSION = YES_AGGRESSIVE;
				CLANG_CXX_LANGUAGE_STANDARD = "gnu++20";
				CLANG_ENABLE_MODULES = YES;
				CLANG_ENABLE_OBJC_ARC = YES;
				CLANG_ENABLE_OBJC_WEAK = YES;
				CLANG_WARN_BLOCK_CAPTURE_AUTORELEASING = YES;
				CLANG_WARN_BOOL_CONVERSION = YES;
				CLANG_WARN_COMMA = YES;
				CLANG_WARN_CONSTANT_CONVERSION = YES;
				CLANG_WARN_DEPRECATED_OBJC_IMPLEMENTATIONS = YES;
				CLANG_WARN_DIRECT_OBJC_ISA_USAGE = YES_ERROR;
				CLANG_WARN_DOCUMENTATION_COMMENTS = YES;
				CLANG_WARN_EMPTY_BODY = YES;
				CLANG_WARN_ENUM_CONVERSION = YES;
				CLANG_WARN_INFINITE_RECURSION = YES;
				CLANG_WARN_INT_CONVERSION = YES;
				CLANG_WARN_NON_LITERAL_NULL_CONVERSION = YES;
				CLANG_WARN_OBJC_IMPLICIT_RETAIN_SELF = YES;
				CLANG_WARN_OBJC_LITERAL_CONVERSION = YES;
				CLANG_WARN_OBJC_ROOT_CLASS = YES_ERROR;
				CLANG_WARN_QUOTED_INCLUDE_IN_FRAMEWORK_HEADER = YES;
				CLANG_WARN_RANGE_LOOP_ANALYSIS = YES;
				CLANG_WARN_STRICT_PROTOTYPES = YES;
				CLANG_WARN_SUSPICIOUS_MOVE = YES;
				CLANG_WARN_UNGUARDED_AVAILABILITY = YES_AGGRESSIVE;
				CLANG_WARN_UNREACHABLE_CODE = YES;
				CLANG_WARN__DUPLICATE_METHOD_MATCH = YES;
				COPY_PHASE_STRIP = NO;
				DEBUG_INFORMATION_FORMAT = "dwarf-with-dsym";
				ENABLE_NS_ASSERTIONS = NO;
				ENABLE_STRICT_OBJC_MSGSEND = YES;
				GCC_C_LANGUAGE_STANDARD = gnu11;
				GCC_NO_COMMON_BLOCKS = YES;
				GCC_WARN_64_TO_32_BIT_CONVERSION = YES;
				GCC_WARN_ABOUT_RETURN_TYPE = YES_ERROR;
				GCC_WARN_UNDECLARED_SELECTOR = YES;
				GCC_WARN_UNINITIALIZED_AUTOS = YES_AGGRESSIVE;
				GCC_WARN_UNUSED_FUNCTION = YES;
				GCC_WARN_UNUSED_VARIABLE = YES;
				IPHONEOS_DEPLOYMENT_TARGET = 13.0;
				MTL_ENABLE_DEBUG_INFO = NO;
				MTL_FAST_MATH = YES;
				SDKROOT = iphoneos;
				SWIFT_COMPILATION_MODE = wholemodule;
				SWIFT_OPTIMIZATION_LEVEL = "-O";
				VALIDATE_PRODUCT = YES;
			};
			name = Release;
		};
		F439614C292E1FCF0047EBBA /* Debug */ = {
			isa = XCBuildConfiguration;
			baseConfigurationReference = C9CBB9F0ABA38B108898FCF0 /* Pods-TestCompatibility.debug.xcconfig */;
			buildSettings = {
				ASSETCATALOG_COMPILER_APPICON_NAME = AppIcon;
				ASSETCATALOG_COMPILER_GLOBAL_ACCENT_COLOR_NAME = AccentColor;
				CODE_SIGN_STYLE = Automatic;
				CURRENT_PROJECT_VERSION = 1;
				DEVELOPMENT_TEAM = 82J655364J;
				GENERATE_INFOPLIST_FILE = YES;
				INFOPLIST_FILE = TestCompatibility/Info.plist;
				INFOPLIST_KEY_UIApplicationSupportsIndirectInputEvents = YES;
				INFOPLIST_KEY_UILaunchStoryboardName = LaunchScreen;
				INFOPLIST_KEY_UIMainStoryboardFile = Main;
				INFOPLIST_KEY_UISupportedInterfaceOrientations_iPad = "UIInterfaceOrientationPortrait UIInterfaceOrientationPortraitUpsideDown UIInterfaceOrientationLandscapeLeft UIInterfaceOrientationLandscapeRight";
				INFOPLIST_KEY_UISupportedInterfaceOrientations_iPhone = "UIInterfaceOrientationPortrait UIInterfaceOrientationLandscapeLeft UIInterfaceOrientationLandscapeRight";
				LD_RUNPATH_SEARCH_PATHS = (
					"$(inherited)",
					"@executable_path/Frameworks",
				);
				MARKETING_VERSION = 1.0;
				PRODUCT_BUNDLE_IDENTIFIER = com.luo.TestCompatibility;
				PRODUCT_NAME = "$(TARGET_NAME)";
				SWIFT_EMIT_LOC_STRINGS = YES;
				SWIFT_VERSION = 5.0;
				TARGETED_DEVICE_FAMILY = "1,2";
			};
			name = Debug;
		};
		F439614D292E1FCF0047EBBA /* Release */ = {
			isa = XCBuildConfiguration;
			baseConfigurationReference = 2C27907AAD25070A3D1333C8 /* Pods-TestCompatibility.release.xcconfig */;
			buildSettings = {
				ASSETCATALOG_COMPILER_APPICON_NAME = AppIcon;
				ASSETCATALOG_COMPILER_GLOBAL_ACCENT_COLOR_NAME = AccentColor;
				CODE_SIGN_STYLE = Automatic;
				CURRENT_PROJECT_VERSION = 1;
				DEVELOPMENT_TEAM = 82J655364J;
				GENERATE_INFOPLIST_FILE = YES;
				INFOPLIST_FILE = TestCompatibility/Info.plist;
				INFOPLIST_KEY_UIApplicationSupportsIndirectInputEvents = YES;
				INFOPLIST_KEY_UILaunchStoryboardName = LaunchScreen;
				INFOPLIST_KEY_UIMainStoryboardFile = Main;
				INFOPLIST_KEY_UISupportedInterfaceOrientations_iPad = "UIInterfaceOrientationPortrait UIInterfaceOrientationPortraitUpsideDown UIInterfaceOrientationLandscapeLeft UIInterfaceOrientationLandscapeRight";
				INFOPLIST_KEY_UISupportedInterfaceOrientations_iPhone = "UIInterfaceOrientationPortrait UIInterfaceOrientationLandscapeLeft UIInterfaceOrientationLandscapeRight";
				LD_RUNPATH_SEARCH_PATHS = (
					"$(inherited)",
					"@executable_path/Frameworks",
				);
				MARKETING_VERSION = 1.0;
				PRODUCT_BUNDLE_IDENTIFIER = com.luo.TestCompatibility;
				PRODUCT_NAME = "$(TARGET_NAME)";
				SWIFT_EMIT_LOC_STRINGS = YES;
				SWIFT_VERSION = 5.0;
				TARGETED_DEVICE_FAMILY = "1,2";
			};
			name = Release;
		};
/* End XCBuildConfiguration section */

/* Begin XCConfigurationList section */
		F4396132292E1FCF0047EBBA /* Build configuration list for PBXProject "TestCompatibility" */ = {
			isa = XCConfigurationList;
			buildConfigurations = (
				F4396149292E1FCF0047EBBA /* Debug */,
				F439614A292E1FCF0047EBBA /* Release */,
			);
			defaultConfigurationIsVisible = 0;
			defaultConfigurationName = Release;
		};
		F439614B292E1FCF0047EBBA /* Build configuration list for PBXNativeTarget "TestCompatibility" */ = {
			isa = XCConfigurationList;
			buildConfigurations = (
				F439614C292E1FCF0047EBBA /* Debug */,
				F439614D292E1FCF0047EBBA /* Release */,
			);
			defaultConfigurationIsVisible = 0;
			defaultConfigurationName = Release;
		};
/* End XCConfigurationList section */

/* Begin XCRemoteSwiftPackageReference section */
		F475FCF9292E5F6500F90530 /* XCRemoteSwiftPackageReference "splunk-otel-ios" */ = {
			isa = XCRemoteSwiftPackageReference;
			repositoryURL = "https://github.com/signalfx/splunk-otel-ios";
			requirement = {
				branch = main;
				kind = branch;
			};
		};
/* End XCRemoteSwiftPackageReference section */

/* Begin XCSwiftPackageProductDependency section */
		F475FCFA292E5F6500F90530 /* SplunkOtel */ = {
			isa = XCSwiftPackageProductDependency;
			package = F475FCF9292E5F6500F90530 /* XCRemoteSwiftPackageReference "splunk-otel-ios" */;
			productName = SplunkOtel;
		};
/* End XCSwiftPackageProductDependency section */
	};
	rootObject = F439612F292E1FCF0047EBBA /* Project object */;
}
